// !$*UTF8*$!
{
	archiveVersion = 1;
	classes = {
	};
	objectVersion = 50;
	objects = {

/* Begin PBXBuildFile section */
		451051CA226A0C86009318B2 /* AppDelegate.swift in Sources */ = {isa = PBXBuildFile; fileRef = 451051C9226A0C86009318B2 /* AppDelegate.swift */; };
		451051CF226A0C86009318B2 /* Main.storyboard in Resources */ = {isa = PBXBuildFile; fileRef = 451051CD226A0C86009318B2 /* Main.storyboard */; };
		451051D1226A0C88009318B2 /* Assets.xcassets in Resources */ = {isa = PBXBuildFile; fileRef = 451051D0226A0C88009318B2 /* Assets.xcassets */; };
		451051D4226A0C88009318B2 /* LaunchScreen.storyboard in Resources */ = {isa = PBXBuildFile; fileRef = 451051D2226A0C88009318B2 /* LaunchScreen.storyboard */; };
		5B1349CE226F79BB002CE3D1 /* AppConfiguration.swift in Sources */ = {isa = PBXBuildFile; fileRef = 5B1349CD226F79B9002CE3D1 /* AppConfiguration.swift */; };
		5B1349D1226F7B2B002CE3D1 /* AppExtensions.swift in Sources */ = {isa = PBXBuildFile; fileRef = 5B1349CF226F7B2A002CE3D1 /* AppExtensions.swift */; };
		5B1349D2226F7B2B002CE3D1 /* AppUserAccount.swift in Sources */ = {isa = PBXBuildFile; fileRef = 5B1349D0226F7B2A002CE3D1 /* AppUserAccount.swift */; };
		5B1349D4226F7BD3002CE3D1 /* DataService.swift in Sources */ = {isa = PBXBuildFile; fileRef = 5B1349D3226F7BD3002CE3D1 /* DataService.swift */; };
		5B1349D6226F7C13002CE3D1 /* InstagramAPI.swift in Sources */ = {isa = PBXBuildFile; fileRef = 5B1349D5226F7C12002CE3D1 /* InstagramAPI.swift */; };
		5B1349D8226F7C36002CE3D1 /* InstagramMedia.swift in Sources */ = {isa = PBXBuildFile; fileRef = 5B1349D7226F7C36002CE3D1 /* InstagramMedia.swift */; };
		5B1349DF226F7D7B002CE3D1 /* InsightsViewController.swift in Sources */ = {isa = PBXBuildFile; fileRef = 5B1349D9226F7D74002CE3D1 /* InsightsViewController.swift */; };
		5B1349E0226F7D7C002CE3D1 /* InstagramMediaSectionTableViewCell.swift in Sources */ = {isa = PBXBuildFile; fileRef = 5B1349DB226F7D76002CE3D1 /* InstagramMediaSectionTableViewCell.swift */; };
		5B1349E1226F7D7C002CE3D1 /* InstagramMediaCollectionViewCell.swift in Sources */ = {isa = PBXBuildFile; fileRef = 5B1349DC226F7D76002CE3D1 /* InstagramMediaCollectionViewCell.swift */; };
		5B1349E2226F7D7C002CE3D1 /* InsightsInteractor.swift in Sources */ = {isa = PBXBuildFile; fileRef = 5B1349DD226F7D77002CE3D1 /* InsightsInteractor.swift */; };
		5B1349E3226F7D7C002CE3D1 /* InsightsPresenter.swift in Sources */ = {isa = PBXBuildFile; fileRef = 5B1349DE226F7D79002CE3D1 /* InsightsPresenter.swift */; };
		5B1349E9226F7DE8002CE3D1 /* AddAccountViewController.swift in Sources */ = {isa = PBXBuildFile; fileRef = 5B1349E5226F7DE1002CE3D1 /* AddAccountViewController.swift */; };
		5B1349EA226F7DE9002CE3D1 /* AddAccountPresenter.swift in Sources */ = {isa = PBXBuildFile; fileRef = 5B1349E6226F7DE1002CE3D1 /* AddAccountPresenter.swift */; };
		5B1349EB226F7DE9002CE3D1 /* AddAccountInteractor.swift in Sources */ = {isa = PBXBuildFile; fileRef = 5B1349E7226F7DE1002CE3D1 /* AddAccountInteractor.swift */; };
		5B1349EC226F7DE9002CE3D1 /* AccountViewController.swift in Sources */ = {isa = PBXBuildFile; fileRef = 5B1349E8226F7DE1002CE3D1 /* AccountViewController.swift */; };
		5BD270EB227F67EC002C1A28 /* AuthViewController.swift in Sources */ = {isa = PBXBuildFile; fileRef = 5BD270E6227F67EC002C1A28 /* AuthViewController.swift */; };
		5BD270EC227F67EC002C1A28 /* ProfileHeader.swift in Sources */ = {isa = PBXBuildFile; fileRef = 5BD270E7227F67EC002C1A28 /* ProfileHeader.swift */; };
		5BD270ED227F67EC002C1A28 /* ProfileViewController.swift in Sources */ = {isa = PBXBuildFile; fileRef = 5BD270E8227F67EC002C1A28 /* ProfileViewController.swift */; };
		5BD270EE227F67EC002C1A28 /* CollectionViewController.swift in Sources */ = {isa = PBXBuildFile; fileRef = 5BD270E9227F67EC002C1A28 /* CollectionViewController.swift */; };
		5BD270EF227F67EC002C1A28 /* ImageCell.swift in Sources */ = {isa = PBXBuildFile; fileRef = 5BD270EA227F67EC002C1A28 /* ImageCell.swift */; };
		723381D4388879030DD6B18F /* Pods_CountMe.framework in Frameworks */ = {isa = PBXBuildFile; fileRef = F856ED347708DE5ED4718947 /* Pods_CountMe.framework */; };
/* End PBXBuildFile section */

/* Begin PBXFileReference section */
		162616108EFF9702AEC1A991 /* Pods-CountMe.debug.xcconfig */ = {isa = PBXFileReference; includeInIndex = 1; lastKnownFileType = text.xcconfig; name = "Pods-CountMe.debug.xcconfig"; path = "Target Support Files/Pods-CountMe/Pods-CountMe.debug.xcconfig"; sourceTree = "<group>"; };
		16E74BF17FD2259D0770857A /* Pods-CountMe.release.xcconfig */ = {isa = PBXFileReference; includeInIndex = 1; lastKnownFileType = text.xcconfig; name = "Pods-CountMe.release.xcconfig"; path = "Target Support Files/Pods-CountMe/Pods-CountMe.release.xcconfig"; sourceTree = "<group>"; };
		451051C6226A0C86009318B2 /* CountMe.app */ = {isa = PBXFileReference; explicitFileType = wrapper.application; includeInIndex = 0; path = CountMe.app; sourceTree = BUILT_PRODUCTS_DIR; };
		451051C9226A0C86009318B2 /* AppDelegate.swift */ = {isa = PBXFileReference; lastKnownFileType = sourcecode.swift; path = AppDelegate.swift; sourceTree = "<group>"; };
		451051CE226A0C86009318B2 /* Base */ = {isa = PBXFileReference; lastKnownFileType = file.storyboard; name = Base; path = Base.lproj/Main.storyboard; sourceTree = "<group>"; };
		451051D0226A0C88009318B2 /* Assets.xcassets */ = {isa = PBXFileReference; lastKnownFileType = folder.assetcatalog; path = Assets.xcassets; sourceTree = "<group>"; };
		451051D3226A0C88009318B2 /* Base */ = {isa = PBXFileReference; lastKnownFileType = file.storyboard; name = Base; path = Base.lproj/LaunchScreen.storyboard; sourceTree = "<group>"; };
		451051D5226A0C88009318B2 /* Info.plist */ = {isa = PBXFileReference; lastKnownFileType = text.plist.xml; path = Info.plist; sourceTree = "<group>"; };
		5B1349CD226F79B9002CE3D1 /* AppConfiguration.swift */ = {isa = PBXFileReference; fileEncoding = 4; lastKnownFileType = sourcecode.swift; path = AppConfiguration.swift; sourceTree = "<group>"; };
		5B1349CF226F7B2A002CE3D1 /* AppExtensions.swift */ = {isa = PBXFileReference; fileEncoding = 4; lastKnownFileType = sourcecode.swift; path = AppExtensions.swift; sourceTree = "<group>"; };
		5B1349D0226F7B2A002CE3D1 /* AppUserAccount.swift */ = {isa = PBXFileReference; fileEncoding = 4; lastKnownFileType = sourcecode.swift; path = AppUserAccount.swift; sourceTree = "<group>"; };
		5B1349D3226F7BD3002CE3D1 /* DataService.swift */ = {isa = PBXFileReference; fileEncoding = 4; lastKnownFileType = sourcecode.swift; path = DataService.swift; sourceTree = "<group>"; };
		5B1349D5226F7C12002CE3D1 /* InstagramAPI.swift */ = {isa = PBXFileReference; fileEncoding = 4; lastKnownFileType = sourcecode.swift; path = InstagramAPI.swift; sourceTree = "<group>"; };
		5B1349D7226F7C36002CE3D1 /* InstagramMedia.swift */ = {isa = PBXFileReference; fileEncoding = 4; lastKnownFileType = sourcecode.swift; path = InstagramMedia.swift; sourceTree = "<group>"; };
		5B1349D9226F7D74002CE3D1 /* InsightsViewController.swift */ = {isa = PBXFileReference; fileEncoding = 4; lastKnownFileType = sourcecode.swift; path = InsightsViewController.swift; sourceTree = "<group>"; };
		5B1349DB226F7D76002CE3D1 /* InstagramMediaSectionTableViewCell.swift */ = {isa = PBXFileReference; fileEncoding = 4; lastKnownFileType = sourcecode.swift; path = InstagramMediaSectionTableViewCell.swift; sourceTree = "<group>"; };
		5B1349DC226F7D76002CE3D1 /* InstagramMediaCollectionViewCell.swift */ = {isa = PBXFileReference; fileEncoding = 4; lastKnownFileType = sourcecode.swift; path = InstagramMediaCollectionViewCell.swift; sourceTree = "<group>"; };
		5B1349DD226F7D77002CE3D1 /* InsightsInteractor.swift */ = {isa = PBXFileReference; fileEncoding = 4; lastKnownFileType = sourcecode.swift; path = InsightsInteractor.swift; sourceTree = "<group>"; };
		5B1349DE226F7D79002CE3D1 /* InsightsPresenter.swift */ = {isa = PBXFileReference; fileEncoding = 4; lastKnownFileType = sourcecode.swift; path = InsightsPresenter.swift; sourceTree = "<group>"; };
		5B1349E5226F7DE1002CE3D1 /* AddAccountViewController.swift */ = {isa = PBXFileReference; fileEncoding = 4; lastKnownFileType = sourcecode.swift; path = AddAccountViewController.swift; sourceTree = "<group>"; };
		5B1349E6226F7DE1002CE3D1 /* AddAccountPresenter.swift */ = {isa = PBXFileReference; fileEncoding = 4; lastKnownFileType = sourcecode.swift; path = AddAccountPresenter.swift; sourceTree = "<group>"; };
		5B1349E7226F7DE1002CE3D1 /* AddAccountInteractor.swift */ = {isa = PBXFileReference; fileEncoding = 4; lastKnownFileType = sourcecode.swift; path = AddAccountInteractor.swift; sourceTree = "<group>"; };
		5B1349E8226F7DE1002CE3D1 /* AccountViewController.swift */ = {isa = PBXFileReference; fileEncoding = 4; lastKnownFileType = sourcecode.swift; path = AccountViewController.swift; sourceTree = "<group>"; };
		5BD270E6227F67EC002C1A28 /* AuthViewController.swift */ = {isa = PBXFileReference; fileEncoding = 4; lastKnownFileType = sourcecode.swift; path = AuthViewController.swift; sourceTree = "<group>"; };
		5BD270E7227F67EC002C1A28 /* ProfileHeader.swift */ = {isa = PBXFileReference; fileEncoding = 4; lastKnownFileType = sourcecode.swift; path = ProfileHeader.swift; sourceTree = "<group>"; };
		5BD270E8227F67EC002C1A28 /* ProfileViewController.swift */ = {isa = PBXFileReference; fileEncoding = 4; lastKnownFileType = sourcecode.swift; path = ProfileViewController.swift; sourceTree = "<group>"; };
		5BD270E9227F67EC002C1A28 /* CollectionViewController.swift */ = {isa = PBXFileReference; fileEncoding = 4; lastKnownFileType = sourcecode.swift; path = CollectionViewController.swift; sourceTree = "<group>"; };
		5BD270EA227F67EC002C1A28 /* ImageCell.swift */ = {isa = PBXFileReference; fileEncoding = 4; lastKnownFileType = sourcecode.swift; path = ImageCell.swift; sourceTree = "<group>"; };
		F856ED347708DE5ED4718947 /* Pods_CountMe.framework */ = {isa = PBXFileReference; explicitFileType = wrapper.framework; includeInIndex = 0; path = Pods_CountMe.framework; sourceTree = BUILT_PRODUCTS_DIR; };
/* End PBXFileReference section */

/* Begin PBXFrameworksBuildPhase section */
		451051C3226A0C86009318B2 /* Frameworks */ = {
			isa = PBXFrameworksBuildPhase;
			buildActionMask = 2147483647;
			files = (
				723381D4388879030DD6B18F /* Pods_CountMe.framework in Frameworks */,
			);
			runOnlyForDeploymentPostprocessing = 0;
		};
/* End PBXFrameworksBuildPhase section */

/* Begin PBXGroup section */
		451051BD226A0C86009318B2 = {
			isa = PBXGroup;
			children = (
				451051C8226A0C86009318B2 /* CountMe */,
				451051C7226A0C86009318B2 /* Products */,
				80A7ACF63AA105C5C4D96E50 /* Pods */,
				4EAC4C3511010C5804E5FA08 /* Frameworks */,
			);
			sourceTree = "<group>";
		};
		451051C7226A0C86009318B2 /* Products */ = {
			isa = PBXGroup;
			children = (
				451051C6226A0C86009318B2 /* CountMe.app */,
			);
			name = Products;
			sourceTree = "<group>";
		};
		451051C8226A0C86009318B2 /* CountMe */ = {
			isa = PBXGroup;
			children = (
				451051C9226A0C86009318B2 /* AppDelegate.swift */,
				5BD270F0227F6B75002C1A28 /* firstcontroller */,
				5BD270E5227F67EC002C1A28 /* secondcontroller */,
				451051CD226A0C86009318B2 /* Main.storyboard */,
				451051D0226A0C88009318B2 /* Assets.xcassets */,
				451051D2226A0C88009318B2 /* LaunchScreen.storyboard */,
				451051D5226A0C88009318B2 /* Info.plist */,
			);
			path = CountMe;
			sourceTree = "<group>";
		};
		4EAC4C3511010C5804E5FA08 /* Frameworks */ = {
			isa = PBXGroup;
			children = (
				F856ED347708DE5ED4718947 /* Pods_CountMe.framework */,
			);
			name = Frameworks;
			sourceTree = "<group>";
		};
		5B1349DA226F7D76002CE3D1 /* Views */ = {
			isa = PBXGroup;
			children = (
				5B1349DB226F7D76002CE3D1 /* InstagramMediaSectionTableViewCell.swift */,
				5B1349DC226F7D76002CE3D1 /* InstagramMediaCollectionViewCell.swift */,
			);
			path = Views;
			sourceTree = "<group>";
		};
		5B1349E4226F7DE1002CE3D1 /* Account */ = {
			isa = PBXGroup;
			children = (
				5B1349E5226F7DE1002CE3D1 /* AddAccountViewController.swift */,
				5B1349E6226F7DE1002CE3D1 /* AddAccountPresenter.swift */,
				5B1349E7226F7DE1002CE3D1 /* AddAccountInteractor.swift */,
				5B1349E8226F7DE1002CE3D1 /* AccountViewController.swift */,
			);
			path = Account;
			sourceTree = "<group>";
		};
		5BD270E5227F67EC002C1A28 /* secondcontroller */ = {
			isa = PBXGroup;
			children = (
				5BD270E6227F67EC002C1A28 /* AuthViewController.swift */,
				5BD270E7227F67EC002C1A28 /* ProfileHeader.swift */,
				5BD270E8227F67EC002C1A28 /* ProfileViewController.swift */,
				5BD270E9227F67EC002C1A28 /* CollectionViewController.swift */,
				5BD270EA227F67EC002C1A28 /* ImageCell.swift */,
			);
			path = secondcontroller;
			sourceTree = "<group>";
		};
		5BD270F0227F6B75002C1A28 /* firstcontroller */ = {
			isa = PBXGroup;
			children = (
				5B1349E4226F7DE1002CE3D1 /* Account */,
				5B1349CD226F79B9002CE3D1 /* AppConfiguration.swift */,
				5B1349CF226F7B2A002CE3D1 /* AppExtensions.swift */,
				5B1349D0226F7B2A002CE3D1 /* AppUserAccount.swift */,
				5B1349D7226F7C36002CE3D1 /* InstagramMedia.swift */,
				5B1349D3226F7BD3002CE3D1 /* DataService.swift */,
				5B1349D5226F7C12002CE3D1 /* InstagramAPI.swift */,
				5B1349DD226F7D77002CE3D1 /* InsightsInteractor.swift */,
				5B1349DE226F7D79002CE3D1 /* InsightsPresenter.swift */,
				5B1349D9226F7D74002CE3D1 /* InsightsViewController.swift */,
				5B1349DA226F7D76002CE3D1 /* Views */,
			);
			path = firstcontroller;
			sourceTree = "<group>";
		};
		80A7ACF63AA105C5C4D96E50 /* Pods */ = {
			isa = PBXGroup;
			children = (
				162616108EFF9702AEC1A991 /* Pods-CountMe.debug.xcconfig */,
				16E74BF17FD2259D0770857A /* Pods-CountMe.release.xcconfig */,
			);
			path = Pods;
			sourceTree = "<group>";
		};
/* End PBXGroup section */

/* Begin PBXNativeTarget section */
		451051C5226A0C86009318B2 /* CountMe */ = {
			isa = PBXNativeTarget;
			buildConfigurationList = 451051D8226A0C88009318B2 /* Build configuration list for PBXNativeTarget "CountMe" */;
			buildPhases = (
				5D55F5C660618EA8DD515470 /* [CP] Check Pods Manifest.lock */,
				451051C2226A0C86009318B2 /* Sources */,
				451051C3226A0C86009318B2 /* Frameworks */,
				451051C4226A0C86009318B2 /* Resources */,
				5D1E6AAE8599E03238A62A48 /* [CP] Embed Pods Frameworks */,
			);
			buildRules = (
			);
			dependencies = (
			);
			name = CountMe;
			productName = CountMe;
			productReference = 451051C6226A0C86009318B2 /* CountMe.app */;
			productType = "com.apple.product-type.application";
		};
/* End PBXNativeTarget section */

/* Begin PBXProject section */
		451051BE226A0C86009318B2 /* Project object */ = {
			isa = PBXProject;
			attributes = {
				LastSwiftUpdateCheck = 1010;
				LastUpgradeCheck = 1010;
				ORGANIZATIONNAME = "Игорь Силаев";
				TargetAttributes = {
					451051C5226A0C86009318B2 = {
						CreatedOnToolsVersion = 10.1;
						LastSwiftMigration = 1020;
					};
				};
			};
			buildConfigurationList = 451051C1226A0C86009318B2 /* Build configuration list for PBXProject "CountMe" */;
			compatibilityVersion = "Xcode 9.3";
			developmentRegion = en;
			hasScannedForEncodings = 0;
			knownRegions = (
				en,
				Base,
			);
			mainGroup = 451051BD226A0C86009318B2;
			productRefGroup = 451051C7226A0C86009318B2 /* Products */;
			projectDirPath = "";
			projectRoot = "";
			targets = (
				451051C5226A0C86009318B2 /* CountMe */,
			);
		};
/* End PBXProject section */

/* Begin PBXResourcesBuildPhase section */
		451051C4226A0C86009318B2 /* Resources */ = {
			isa = PBXResourcesBuildPhase;
			buildActionMask = 2147483647;
			files = (
				451051D4226A0C88009318B2 /* LaunchScreen.storyboard in Resources */,
				451051D1226A0C88009318B2 /* Assets.xcassets in Resources */,
				451051CF226A0C86009318B2 /* Main.storyboard in Resources */,
			);
			runOnlyForDeploymentPostprocessing = 0;
		};
/* End PBXResourcesBuildPhase section */

/* Begin PBXShellScriptBuildPhase section */
		5D1E6AAE8599E03238A62A48 /* [CP] Embed Pods Frameworks */ = {
			isa = PBXShellScriptBuildPhase;
			buildActionMask = 2147483647;
			files = (
			);
			inputFileListPaths = (
			);
			inputPaths = (
				"${PODS_ROOT}/Target Support Files/Pods-CountMe/Pods-CountMe-frameworks.sh",
				"${BUILT_PRODUCTS_DIR}/Alamofire/Alamofire.framework",
				"${BUILT_PRODUCTS_DIR}/CollectionKit/CollectionKit.framework",
				"${BUILT_PRODUCTS_DIR}/Kingfisher/Kingfisher.framework",
				"${BUILT_PRODUCTS_DIR}/Moya/Moya.framework",
				"${BUILT_PRODUCTS_DIR}/ObjectMapper/ObjectMapper.framework",
				"${BUILT_PRODUCTS_DIR}/Realm/Realm.framework",
				"${BUILT_PRODUCTS_DIR}/RealmSwift/RealmSwift.framework",
				"${BUILT_PRODUCTS_DIR}/Result/Result.framework",
				"${BUILT_PRODUCTS_DIR}/SwiftInstagram/SwiftInstagram.framework",
				"${BUILT_PRODUCTS_DIR}/TinyConstraints/TinyConstraints.framework",
			);
			name = "[CP] Embed Pods Frameworks";
			outputFileListPaths = (
			);
			outputPaths = (
				"${TARGET_BUILD_DIR}/${FRAMEWORKS_FOLDER_PATH}/Alamofire.framework",
				"${TARGET_BUILD_DIR}/${FRAMEWORKS_FOLDER_PATH}/CollectionKit.framework",
				"${TARGET_BUILD_DIR}/${FRAMEWORKS_FOLDER_PATH}/Kingfisher.framework",
				"${TARGET_BUILD_DIR}/${FRAMEWORKS_FOLDER_PATH}/Moya.framework",
				"${TARGET_BUILD_DIR}/${FRAMEWORKS_FOLDER_PATH}/ObjectMapper.framework",
				"${TARGET_BUILD_DIR}/${FRAMEWORKS_FOLDER_PATH}/Realm.framework",
				"${TARGET_BUILD_DIR}/${FRAMEWORKS_FOLDER_PATH}/RealmSwift.framework",
				"${TARGET_BUILD_DIR}/${FRAMEWORKS_FOLDER_PATH}/Result.framework",
				"${TARGET_BUILD_DIR}/${FRAMEWORKS_FOLDER_PATH}/SwiftInstagram.framework",
				"${TARGET_BUILD_DIR}/${FRAMEWORKS_FOLDER_PATH}/TinyConstraints.framework",
			);
			runOnlyForDeploymentPostprocessing = 0;
			shellPath = /bin/sh;
			shellScript = "\"${PODS_ROOT}/Target Support Files/Pods-CountMe/Pods-CountMe-frameworks.sh\"\n";
			showEnvVarsInLog = 0;
		};
		5D55F5C660618EA8DD515470 /* [CP] Check Pods Manifest.lock */ = {
			isa = PBXShellScriptBuildPhase;
			buildActionMask = 2147483647;
			files = (
			);
			inputFileListPaths = (
			);
			inputPaths = (
				"${PODS_PODFILE_DIR_PATH}/Podfile.lock",
				"${PODS_ROOT}/Manifest.lock",
			);
			name = "[CP] Check Pods Manifest.lock";
			outputFileListPaths = (
			);
			outputPaths = (
				"$(DERIVED_FILE_DIR)/Pods-CountMe-checkManifestLockResult.txt",
			);
			runOnlyForDeploymentPostprocessing = 0;
			shellPath = /bin/sh;
			shellScript = "diff \"${PODS_PODFILE_DIR_PATH}/Podfile.lock\" \"${PODS_ROOT}/Manifest.lock\" > /dev/null\nif [ $? != 0 ] ; then\n    # print error to STDERR\n    echo \"error: The sandbox is not in sync with the Podfile.lock. Run 'pod install' or update your CocoaPods installation.\" >&2\n    exit 1\nfi\n# This output is used by Xcode 'outputs' to avoid re-running this script phase.\necho \"SUCCESS\" > \"${SCRIPT_OUTPUT_FILE_0}\"\n";
			showEnvVarsInLog = 0;
		};
/* End PBXShellScriptBuildPhase section */

/* Begin PBXSourcesBuildPhase section */
		451051C2226A0C86009318B2 /* Sources */ = {
			isa = PBXSourcesBuildPhase;
			buildActionMask = 2147483647;
			files = (
				5B1349D2226F7B2B002CE3D1 /* AppUserAccount.swift in Sources */,
				5B1349D4226F7BD3002CE3D1 /* DataService.swift in Sources */,
				5B1349EA226F7DE9002CE3D1 /* AddAccountPresenter.swift in Sources */,
				5B1349D1226F7B2B002CE3D1 /* AppExtensions.swift in Sources */,
				5BD270EE227F67EC002C1A28 /* CollectionViewController.swift in Sources */,
				5BD270EF227F67EC002C1A28 /* ImageCell.swift in Sources */,
				451051CA226A0C86009318B2 /* AppDelegate.swift in Sources */,
				5B1349D8226F7C36002CE3D1 /* InstagramMedia.swift in Sources */,
				5B1349E1226F7D7C002CE3D1 /* InstagramMediaCollectionViewCell.swift in Sources */,
				5B1349EC226F7DE9002CE3D1 /* AccountViewController.swift in Sources */,
				5BD270EC227F67EC002C1A28 /* ProfileHeader.swift in Sources */,
				5BD270ED227F67EC002C1A28 /* ProfileViewController.swift in Sources */,
				5B1349E9226F7DE8002CE3D1 /* AddAccountViewController.swift in Sources */,
				5BD270EB227F67EC002C1A28 /* AuthViewController.swift in Sources */,
				5B1349E3226F7D7C002CE3D1 /* InsightsPresenter.swift in Sources */,
				5B1349D6226F7C13002CE3D1 /* InstagramAPI.swift in Sources */,
				5B1349DF226F7D7B002CE3D1 /* InsightsViewController.swift in Sources */,
				5B1349CE226F79BB002CE3D1 /* AppConfiguration.swift in Sources */,
				5B1349E0226F7D7C002CE3D1 /* InstagramMediaSectionTableViewCell.swift in Sources */,
				5B1349E2226F7D7C002CE3D1 /* InsightsInteractor.swift in Sources */,
				5B1349EB226F7DE9002CE3D1 /* AddAccountInteractor.swift in Sources */,
			);
			runOnlyForDeploymentPostprocessing = 0;
		};
/* End PBXSourcesBuildPhase section */

/* Begin PBXVariantGroup section */
		451051CD226A0C86009318B2 /* Main.storyboard */ = {
			isa = PBXVariantGroup;
			children = (
				451051CE226A0C86009318B2 /* Base */,
			);
			name = Main.storyboard;
			sourceTree = "<group>";
		};
		451051D2226A0C88009318B2 /* LaunchScreen.storyboard */ = {
			isa = PBXVariantGroup;
			children = (
				451051D3226A0C88009318B2 /* Base */,
			);
			name = LaunchScreen.storyboard;
			sourceTree = "<group>";
		};
/* End PBXVariantGroup section */

/* Begin XCBuildConfiguration section */
		451051D6226A0C88009318B2 /* Debug */ = {
			isa = XCBuildConfiguration;
			buildSettings = {
				ALWAYS_SEARCH_USER_PATHS = NO;
				CLANG_ANALYZER_NONNULL = YES;
				CLANG_ANALYZER_NUMBER_OBJECT_CONVERSION = YES_AGGRESSIVE;
				CLANG_CXX_LANGUAGE_STANDARD = "gnu++14";
				CLANG_CXX_LIBRARY = "libc++";
				CLANG_ENABLE_MODULES = YES;
				CLANG_ENABLE_OBJC_ARC = YES;
				CLANG_ENABLE_OBJC_WEAK = YES;
				CLANG_WARN_BLOCK_CAPTURE_AUTORELEASING = YES;
				CLANG_WARN_BOOL_CONVERSION = YES;
				CLANG_WARN_COMMA = YES;
				CLANG_WARN_CONSTANT_CONVERSION = YES;
				CLANG_WARN_DEPRECATED_OBJC_IMPLEMENTATIONS = YES;
				CLANG_WARN_DIRECT_OBJC_ISA_USAGE = YES_ERROR;
				CLANG_WARN_DOCUMENTATION_COMMENTS = YES;
				CLANG_WARN_EMPTY_BODY = YES;
				CLANG_WARN_ENUM_CONVERSION = YES;
				CLANG_WARN_INFINITE_RECURSION = YES;
				CLANG_WARN_INT_CONVERSION = YES;
				CLANG_WARN_NON_LITERAL_NULL_CONVERSION = YES;
				CLANG_WARN_OBJC_IMPLICIT_RETAIN_SELF = YES;
				CLANG_WARN_OBJC_LITERAL_CONVERSION = YES;
				CLANG_WARN_OBJC_ROOT_CLASS = YES_ERROR;
				CLANG_WARN_RANGE_LOOP_ANALYSIS = YES;
				CLANG_WARN_STRICT_PROTOTYPES = YES;
				CLANG_WARN_SUSPICIOUS_MOVE = YES;
				CLANG_WARN_UNGUARDED_AVAILABILITY = YES_AGGRESSIVE;
				CLANG_WARN_UNREACHABLE_CODE = YES;
				CLANG_WARN__DUPLICATE_METHOD_MATCH = YES;
				CODE_SIGN_IDENTITY = "iPhone Developer";
				COPY_PHASE_STRIP = NO;
				DEBUG_INFORMATION_FORMAT = dwarf;
				ENABLE_STRICT_OBJC_MSGSEND = YES;
				ENABLE_TESTABILITY = YES;
				GCC_C_LANGUAGE_STANDARD = gnu11;
				GCC_DYNAMIC_NO_PIC = NO;
				GCC_NO_COMMON_BLOCKS = YES;
				GCC_OPTIMIZATION_LEVEL = 0;
				GCC_PREPROCESSOR_DEFINITIONS = (
					"DEBUG=1",
					"$(inherited)",
				);
				GCC_WARN_64_TO_32_BIT_CONVERSION = YES;
				GCC_WARN_ABOUT_RETURN_TYPE = YES_ERROR;
				GCC_WARN_UNDECLARED_SELECTOR = YES;
				GCC_WARN_UNINITIALIZED_AUTOS = YES_AGGRESSIVE;
				GCC_WARN_UNUSED_FUNCTION = YES;
				GCC_WARN_UNUSED_VARIABLE = YES;
				IPHONEOS_DEPLOYMENT_TARGET = 12.1;
				MTL_ENABLE_DEBUG_INFO = INCLUDE_SOURCE;
				MTL_FAST_MATH = YES;
				ONLY_ACTIVE_ARCH = YES;
				SDKROOT = iphoneos;
				SWIFT_ACTIVE_COMPILATION_CONDITIONS = DEBUG;
				SWIFT_OPTIMIZATION_LEVEL = "-Onone";
			};
			name = Debug;
		};
		451051D7226A0C88009318B2 /* Release */ = {
			isa = XCBuildConfiguration;
			buildSettings = {
				ALWAYS_SEARCH_USER_PATHS = NO;
				CLANG_ANALYZER_NONNULL = YES;
				CLANG_ANALYZER_NUMBER_OBJECT_CONVERSION = YES_AGGRESSIVE;
				CLANG_CXX_LANGUAGE_STANDARD = "gnu++14";
				CLANG_CXX_LIBRARY = "libc++";
				CLANG_ENABLE_MODULES = YES;
				CLANG_ENABLE_OBJC_ARC = YES;
				CLANG_ENABLE_OBJC_WEAK = YES;
				CLANG_WARN_BLOCK_CAPTURE_AUTORELEASING = YES;
				CLANG_WARN_BOOL_CONVERSION = YES;
				CLANG_WARN_COMMA = YES;
				CLANG_WARN_CONSTANT_CONVERSION = YES;
				CLANG_WARN_DEPRECATED_OBJC_IMPLEMENTATIONS = YES;
				CLANG_WARN_DIRECT_OBJC_ISA_USAGE = YES_ERROR;
				CLANG_WARN_DOCUMENTATION_COMMENTS = YES;
				CLANG_WARN_EMPTY_BODY = YES;
				CLANG_WARN_ENUM_CONVERSION = YES;
				CLANG_WARN_INFINITE_RECURSION = YES;
				CLANG_WARN_INT_CONVERSION = YES;
				CLANG_WARN_NON_LITERAL_NULL_CONVERSION = YES;
				CLANG_WARN_OBJC_IMPLICIT_RETAIN_SELF = YES;
				CLANG_WARN_OBJC_LITERAL_CONVERSION = YES;
				CLANG_WARN_OBJC_ROOT_CLASS = YES_ERROR;
				CLANG_WARN_RANGE_LOOP_ANALYSIS = YES;
				CLANG_WARN_STRICT_PROTOTYPES = YES;
				CLANG_WARN_SUSPICIOUS_MOVE = YES;
				CLANG_WARN_UNGUARDED_AVAILABILITY = YES_AGGRESSIVE;
				CLANG_WARN_UNREACHABLE_CODE = YES;
				CLANG_WARN__DUPLICATE_METHOD_MATCH = YES;
				CODE_SIGN_IDENTITY = "iPhone Developer";
				COPY_PHASE_STRIP = NO;
				DEBUG_INFORMATION_FORMAT = "dwarf-with-dsym";
				ENABLE_NS_ASSERTIONS = NO;
				ENABLE_STRICT_OBJC_MSGSEND = YES;
				GCC_C_LANGUAGE_STANDARD = gnu11;
				GCC_NO_COMMON_BLOCKS = YES;
				GCC_WARN_64_TO_32_BIT_CONVERSION = YES;
				GCC_WARN_ABOUT_RETURN_TYPE = YES_ERROR;
				GCC_WARN_UNDECLARED_SELECTOR = YES;
				GCC_WARN_UNINITIALIZED_AUTOS = YES_AGGRESSIVE;
				GCC_WARN_UNUSED_FUNCTION = YES;
				GCC_WARN_UNUSED_VARIABLE = YES;
				IPHONEOS_DEPLOYMENT_TARGET = 12.1;
				MTL_ENABLE_DEBUG_INFO = NO;
				MTL_FAST_MATH = YES;
				SDKROOT = iphoneos;
				SWIFT_COMPILATION_MODE = wholemodule;
				SWIFT_OPTIMIZATION_LEVEL = "-O";
				VALIDATE_PRODUCT = YES;
			};
			name = Release;
		};
		451051D9226A0C88009318B2 /* Debug */ = {
			isa = XCBuildConfiguration;
			baseConfigurationReference = 162616108EFF9702AEC1A991 /* Pods-CountMe.debug.xcconfig */;
			buildSettings = {
				ASSETCATALOG_COMPILER_APPICON_NAME = AppIcon;
				CODE_SIGN_STYLE = Automatic;
				DEVELOPMENT_TEAM = U929TJA927;
				INFOPLIST_FILE = CountMe/Info.plist;
				LD_RUNPATH_SEARCH_PATHS = (
					"$(inherited)",
					"@executable_path/Frameworks",
				);
				PRODUCT_BUNDLE_IDENTIFIER = abc.CountMe;
				PRODUCT_NAME = "$(TARGET_NAME)";
				SWIFT_VERSION = 4.2;
				TARGETED_DEVICE_FAMILY = 1;
			};
			name = Debug;
		};
		451051DA226A0C88009318B2 /* Release */ = {
			isa = XCBuildConfiguration;
			baseConfigurationReference = 16E74BF17FD2259D0770857A /* Pods-CountMe.release.xcconfig */;
			buildSettings = {
				ASSETCATALOG_COMPILER_APPICON_NAME = AppIcon;
				CODE_SIGN_STYLE = Automatic;
				DEVELOPMENT_TEAM = U929TJA927;
				INFOPLIST_FILE = CountMe/Info.plist;
				LD_RUNPATH_SEARCH_PATHS = (
					"$(inherited)",
					"@executable_path/Frameworks",
				);
				PRODUCT_BUNDLE_IDENTIFIER = abc.CountMe;
				PRODUCT_NAME = "$(TARGET_NAME)";
				SWIFT_VERSION = 4.2;
				TARGETED_DEVICE_FAMILY = 1;
			};
			name = Release;
		};
/* End XCBuildConfiguration section */

/* Begin XCConfigurationList section */
		451051C1226A0C86009318B2 /* Build configuration list for PBXProject "CountMe" */ = {
			isa = XCConfigurationList;
			buildConfigurations = (
				451051D6226A0C88009318B2 /* Debug */,
				451051D7226A0C88009318B2 /* Release */,
			);
			defaultConfigurationIsVisible = 0;
			defaultConfigurationName = Release;
		};
		451051D8226A0C88009318B2 /* Build configuration list for PBXNativeTarget "CountMe" */ = {
			isa = XCConfigurationList;
			buildConfigurations = (
				451051D9226A0C88009318B2 /* Debug */,
				451051DA226A0C88009318B2 /* Release */,
			);
			defaultConfigurationIsVisible = 0;
			defaultConfigurationName = Release;
		};
/* End XCConfigurationList section */
	};
	rootObject = 451051BE226A0C86009318B2 /* Project object */;
}
