// !$*UTF8*$!
{
	archiveVersion = 1;
	classes = {
	};
	objectVersion = 50;
	objects = {

/* Begin PBXBuildFile section */
		5B95BB2A2252D0CC0026D9E1 /* AppDelegate.swift in Sources */ = {isa = PBXBuildFile; fileRef = 5B95BB292252D0CC0026D9E1 /* AppDelegate.swift */; };
		5B95BB2C2252D0CC0026D9E1 /* ViewController.swift in Sources */ = {isa = PBXBuildFile; fileRef = 5B95BB2B2252D0CC0026D9E1 /* ViewController.swift */; };
		5B95BB2F2252D0CC0026D9E1 /* Main.storyboard in Resources */ = {isa = PBXBuildFile; fileRef = 5B95BB2D2252D0CC0026D9E1 /* Main.storyboard */; };
		5B95BB312252D0D00026D9E1 /* Assets.xcassets in Resources */ = {isa = PBXBuildFile; fileRef = 5B95BB302252D0D00026D9E1 /* Assets.xcassets */; };
		5B95BB342252D0D00026D9E1 /* LaunchScreen.storyboard in Resources */ = {isa = PBXBuildFile; fileRef = 5B95BB322252D0D00026D9E1 /* LaunchScreen.storyboard */; };
		5B95BB3E2252D6E40026D9E1 /* house-icon-png-white-32.png in Resources */ = {isa = PBXBuildFile; fileRef = 5B95BB3D2252D6E40026D9E1 /* house-icon-png-white-32.png */; };
/* End PBXBuildFile section */

/* Begin PBXFileReference section */
		5B95BB262252D0CC0026D9E1 /* Instat.app */ = {isa = PBXFileReference; explicitFileType = wrapper.application; includeInIndex = 0; path = Instat.app; sourceTree = BUILT_PRODUCTS_DIR; };
		5B95BB292252D0CC0026D9E1 /* AppDelegate.swift */ = {isa = PBXFileReference; lastKnownFileType = sourcecode.swift; path = AppDelegate.swift; sourceTree = "<group>"; };
		5B95BB2B2252D0CC0026D9E1 /* ViewController.swift */ = {isa = PBXFileReference; lastKnownFileType = sourcecode.swift; path = ViewController.swift; sourceTree = "<group>"; };
		5B95BB2E2252D0CC0026D9E1 /* Base */ = {isa = PBXFileReference; lastKnownFileType = file.storyboard; name = Base; path = Base.lproj/Main.storyboard; sourceTree = "<group>"; };
		5B95BB302252D0D00026D9E1 /* Assets.xcassets */ = {isa = PBXFileReference; lastKnownFileType = folder.assetcatalog; path = Assets.xcassets; sourceTree = "<group>"; };
		5B95BB332252D0D00026D9E1 /* Base */ = {isa = PBXFileReference; lastKnownFileType = file.storyboard; name = Base; path = Base.lproj/LaunchScreen.storyboard; sourceTree = "<group>"; };
		5B95BB352252D0D00026D9E1 /* Info.plist */ = {isa = PBXFileReference; lastKnownFileType = text.plist.xml; path = Info.plist; sourceTree = "<group>"; };
		5B95BB3D2252D6E40026D9E1 /* house-icon-png-white-32.png */ = {isa = PBXFileReference; lastKnownFileType = image.png; path = "house-icon-png-white-32.png"; sourceTree = "<group>"; };
/* End PBXFileReference section */

/* Begin PBXFrameworksBuildPhase section */
		5B95BB232252D0CC0026D9E1 /* Frameworks */ = {
			isa = PBXFrameworksBuildPhase;
			buildActionMask = 2147483647;
			files = (
			);
			runOnlyForDeploymentPostprocessing = 0;
		};
/* End PBXFrameworksBuildPhase section */

/* Begin PBXGroup section */
		5B95BB1D2252D0CC0026D9E1 = {
			isa = PBXGroup;
			children = (
				5B95BB282252D0CC0026D9E1 /* Instat */,
				5B95BB272252D0CC0026D9E1 /* Products */,
				5B95BB3D2252D6E40026D9E1 /* house-icon-png-white-32.png */,
			);
			sourceTree = "<group>";
		};
		5B95BB272252D0CC0026D9E1 /* Products */ = {
			isa = PBXGroup;
			children = (
				5B95BB262252D0CC0026D9E1 /* Instat.app */,
			);
			name = Products;
			sourceTree = "<group>";
		};
		5B95BB282252D0CC0026D9E1 /* Instat */ = {
			isa = PBXGroup;
			children = (
				5B95BB292252D0CC0026D9E1 /* AppDelegate.swift */,
				5B95BB2B2252D0CC0026D9E1 /* ViewController.swift */,
				5B95BB2D2252D0CC0026D9E1 /* Main.storyboard */,
				5B95BB302252D0D00026D9E1 /* Assets.xcassets */,
				5B95BB322252D0D00026D9E1 /* LaunchScreen.storyboard */,
				5B95BB352252D0D00026D9E1 /* Info.plist */,
			);
			path = Instat;
			sourceTree = "<group>";
		};
/* End PBXGroup section */

/* Begin PBXNativeTarget section */
		5B95BB252252D0CC0026D9E1 /* Instat */ = {
			isa = PBXNativeTarget;
			buildConfigurationList = 5B95BB382252D0D00026D9E1 /* Build configuration list for PBXNativeTarget "Instat" */;
			buildPhases = (
				5B95BB222252D0CC0026D9E1 /* Sources */,
				5B95BB232252D0CC0026D9E1 /* Frameworks */,
				5B95BB242252D0CC0026D9E1 /* Resources */,
			);
			buildRules = (
			);
			dependencies = (
			);
			name = Instat;
			productName = Instat;
			productReference = 5B95BB262252D0CC0026D9E1 /* Instat.app */;
			productType = "com.apple.product-type.application";
		};
/* End PBXNativeTarget section */

/* Begin PBXProject section */
		5B95BB1E2252D0CC0026D9E1 /* Project object */ = {
			isa = PBXProject;
			attributes = {
				LastSwiftUpdateCheck = 1020;
				LastUpgradeCheck = 1020;
				ORGANIZATIONNAME = "our team";
				TargetAttributes = {
					5B95BB252252D0CC0026D9E1 = {
						CreatedOnToolsVersion = 10.2;
					};
				};
			};
			buildConfigurationList = 5B95BB212252D0CC0026D9E1 /* Build configuration list for PBXProject "Instat" */;
			compatibilityVersion = "Xcode 9.3";
			developmentRegion = en;
			hasScannedForEncodings = 0;
			knownRegions = (
				en,
				Base,
			);
			mainGroup = 5B95BB1D2252D0CC0026D9E1;
			productRefGroup = 5B95BB272252D0CC0026D9E1 /* Products */;
			projectDirPath = "";
			projectRoot = "";
			targets = (
				5B95BB252252D0CC0026D9E1 /* Instat */,
			);
		};
/* End PBXProject section */

/* Begin PBXResourcesBuildPhase section */
		5B95BB242252D0CC0026D9E1 /* Resources */ = {
			isa = PBXResourcesBuildPhase;
			buildActionMask = 2147483647;
			files = (
				5B95BB342252D0D00026D9E1 /* LaunchScreen.storyboard in Resources */,
				5B95BB312252D0D00026D9E1 /* Assets.xcassets in Resources */,
				5B95BB3E2252D6E40026D9E1 /* house-icon-png-white-32.png in Resources */,
				5B95BB2F2252D0CC0026D9E1 /* Main.storyboard in Resources */,
			);
			runOnlyForDeploymentPostprocessing = 0;
		};
/* End PBXResourcesBuildPhase section */

/* Begin PBXSourcesBuildPhase section */
		5B95BB222252D0CC0026D9E1 /* Sources */ = {
			isa = PBXSourcesBuildPhase;
			buildActionMask = 2147483647;
			files = (
				5B95BB2C2252D0CC0026D9E1 /* ViewController.swift in Sources */,
				5B95BB2A2252D0CC0026D9E1 /* AppDelegate.swift in Sources */,
			);
			runOnlyForDeploymentPostprocessing = 0;
		};
/* End PBXSourcesBuildPhase section */

/* Begin PBXVariantGroup section */
		5B95BB2D2252D0CC0026D9E1 /* Main.storyboard */ = {
			isa = PBXVariantGroup;
			children = (
				5B95BB2E2252D0CC0026D9E1 /* Base */,
			);
			name = Main.storyboard;
			sourceTree = "<group>";
		};
		5B95BB322252D0D00026D9E1 /* LaunchScreen.storyboard */ = {
			isa = PBXVariantGroup;
			children = (
				5B95BB332252D0D00026D9E1 /* Base */,
			);
			name = LaunchScreen.storyboard;
			sourceTree = "<group>";
		};
/* End PBXVariantGroup section */

/* Begin XCBuildConfiguration section */
		5B95BB362252D0D00026D9E1 /* Debug */ = {
			isa = XCBuildConfiguration;
			buildSettings = {
				ALWAYS_SEARCH_USER_PATHS = NO;
				CLANG_ANALYZER_NONNULL = YES;
				CLANG_ANALYZER_NUMBER_OBJECT_CONVERSION = YES_AGGRESSIVE;
				CLANG_CXX_LANGUAGE_STANDARD = "gnu++14";
				CLANG_CXX_LIBRARY = "libc++";
				CLANG_ENABLE_MODULES = YES;
				CLANG_ENABLE_OBJC_ARC = YES;
				CLANG_ENABLE_OBJC_WEAK = YES;
				CLANG_WARN_BLOCK_CAPTURE_AUTORELEASING = YES;
				CLANG_WARN_BOOL_CONVERSION = YES;
				CLANG_WARN_COMMA = YES;
				CLANG_WARN_CONSTANT_CONVERSION = YES;
				CLANG_WARN_DEPRECATED_OBJC_IMPLEMENTATIONS = YES;
				CLANG_WARN_DIRECT_OBJC_ISA_USAGE = YES_ERROR;
				CLANG_WARN_DOCUMENTATION_COMMENTS = YES;
				CLANG_WARN_EMPTY_BODY = YES;
				CLANG_WARN_ENUM_CONVERSION = YES;
				CLANG_WARN_INFINITE_RECURSION = YES;
				CLANG_WARN_INT_CONVERSION = YES;
				CLANG_WARN_NON_LITERAL_NULL_CONVERSION = YES;
				CLANG_WARN_OBJC_IMPLICIT_RETAIN_SELF = YES;
				CLANG_WARN_OBJC_LITERAL_CONVERSION = YES;
				CLANG_WARN_OBJC_ROOT_CLASS = YES_ERROR;
				CLANG_WARN_RANGE_LOOP_ANALYSIS = YES;
				CLANG_WARN_STRICT_PROTOTYPES = YES;
				CLANG_WARN_SUSPICIOUS_MOVE = YES;
				CLANG_WARN_UNGUARDED_AVAILABILITY = YES_AGGRESSIVE;
				CLANG_WARN_UNREACHABLE_CODE = YES;
				CLANG_WARN__DUPLICATE_METHOD_MATCH = YES;
				CODE_SIGN_IDENTITY = "iPhone Developer";
				COPY_PHASE_STRIP = NO;
				DEBUG_INFORMATION_FORMAT = dwarf;
				ENABLE_STRICT_OBJC_MSGSEND = YES;
				ENABLE_TESTABILITY = YES;
				GCC_C_LANGUAGE_STANDARD = gnu11;
				GCC_DYNAMIC_NO_PIC = NO;
				GCC_NO_COMMON_BLOCKS = YES;
				GCC_OPTIMIZATION_LEVEL = 0;
				GCC_PREPROCESSOR_DEFINITIONS = (
					"DEBUG=1",
					"$(inherited)",
				);
				GCC_WARN_64_TO_32_BIT_CONVERSION = YES;
				GCC_WARN_ABOUT_RETURN_TYPE = YES_ERROR;
				GCC_WARN_UNDECLARED_SELECTOR = YES;
				GCC_WARN_UNINITIALIZED_AUTOS = YES_AGGRESSIVE;
				GCC_WARN_UNUSED_FUNCTION = YES;
				GCC_WARN_UNUSED_VARIABLE = YES;
				IPHONEOS_DEPLOYMENT_TARGET = 12.2;
				MTL_ENABLE_DEBUG_INFO = INCLUDE_SOURCE;
				MTL_FAST_MATH = YES;
				ONLY_ACTIVE_ARCH = YES;
				SDKROOT = iphoneos;
				SWIFT_ACTIVE_COMPILATION_CONDITIONS = DEBUG;
				SWIFT_OPTIMIZATION_LEVEL = "-Onone";
			};
			name = Debug;
		};
		5B95BB372252D0D00026D9E1 /* Release */ = {
			isa = XCBuildConfiguration;
			buildSettings = {
				ALWAYS_SEARCH_USER_PATHS = NO;
				CLANG_ANALYZER_NONNULL = YES;
				CLANG_ANALYZER_NUMBER_OBJECT_CONVERSION = YES_AGGRESSIVE;
				CLANG_CXX_LANGUAGE_STANDARD = "gnu++14";
				CLANG_CXX_LIBRARY = "libc++";
				CLANG_ENABLE_MODULES = YES;
				CLANG_ENABLE_OBJC_ARC = YES;
				CLANG_ENABLE_OBJC_WEAK = YES;
				CLANG_WARN_BLOCK_CAPTURE_AUTORELEASING = YES;
				CLANG_WARN_BOOL_CONVERSION = YES;
				CLANG_WARN_COMMA = YES;
				CLANG_WARN_CONSTANT_CONVERSION = YES;
				CLANG_WARN_DEPRECATED_OBJC_IMPLEMENTATIONS = YES;
				CLANG_WARN_DIRECT_OBJC_ISA_USAGE = YES_ERROR;
				CLANG_WARN_DOCUMENTATION_COMMENTS = YES;
				CLANG_WARN_EMPTY_BODY = YES;
				CLANG_WARN_ENUM_CONVERSION = YES;
				CLANG_WARN_INFINITE_RECURSION = YES;
				CLANG_WARN_INT_CONVERSION = YES;
				CLANG_WARN_NON_LITERAL_NULL_CONVERSION = YES;
				CLANG_WARN_OBJC_IMPLICIT_RETAIN_SELF = YES;
				CLANG_WARN_OBJC_LITERAL_CONVERSION = YES;
				CLANG_WARN_OBJC_ROOT_CLASS = YES_ERROR;
				CLANG_WARN_RANGE_LOOP_ANALYSIS = YES;
				CLANG_WARN_STRICT_PROTOTYPES = YES;
				CLANG_WARN_SUSPICIOUS_MOVE = YES;
				CLANG_WARN_UNGUARDED_AVAILABILITY = YES_AGGRESSIVE;
				CLANG_WARN_UNREACHABLE_CODE = YES;
				CLANG_WARN__DUPLICATE_METHOD_MATCH = YES;
				CODE_SIGN_IDENTITY = "iPhone Developer";
				COPY_PHASE_STRIP = NO;
				DEBUG_INFORMATION_FORMAT = "dwarf-with-dsym";
				ENABLE_NS_ASSERTIONS = NO;
				ENABLE_STRICT_OBJC_MSGSEND = YES;
				GCC_C_LANGUAGE_STANDARD = gnu11;
				GCC_NO_COMMON_BLOCKS = YES;
				GCC_WARN_64_TO_32_BIT_CONVERSION = YES;
				GCC_WARN_ABOUT_RETURN_TYPE = YES_ERROR;
				GCC_WARN_UNDECLARED_SELECTOR = YES;
				GCC_WARN_UNINITIALIZED_AUTOS = YES_AGGRESSIVE;
				GCC_WARN_UNUSED_FUNCTION = YES;
				GCC_WARN_UNUSED_VARIABLE = YES;
				IPHONEOS_DEPLOYMENT_TARGET = 12.2;
				MTL_ENABLE_DEBUG_INFO = NO;
				MTL_FAST_MATH = YES;
				SDKROOT = iphoneos;
				SWIFT_COMPILATION_MODE = wholemodule;
				SWIFT_OPTIMIZATION_LEVEL = "-O";
				VALIDATE_PRODUCT = YES;
			};
			name = Release;
		};
		5B95BB392252D0D00026D9E1 /* Debug */ = {
			isa = XCBuildConfiguration;
			buildSettings = {
				ASSETCATALOG_COMPILER_APPICON_NAME = AppIcon;
				CODE_SIGN_STYLE = Automatic;
				INFOPLIST_FILE = Instat/Info.plist;
				LD_RUNPATH_SEARCH_PATHS = (
					"$(inherited)",
					"@executable_path/Frameworks",
				);
				PRODUCT_BUNDLE_IDENTIFIER = "our-team.Instat";
				PRODUCT_NAME = "$(TARGET_NAME)";
				SWIFT_VERSION = 5.0;
				TARGETED_DEVICE_FAMILY = "1,2";
			};
			name = Debug;
		};
		5B95BB3A2252D0D00026D9E1 /* Release */ = {
			isa = XCBuildConfiguration;
			buildSettings = {
				ASSETCATALOG_COMPILER_APPICON_NAME = AppIcon;
				CODE_SIGN_STYLE = Automatic;
				INFOPLIST_FILE = Instat/Info.plist;
				LD_RUNPATH_SEARCH_PATHS = (
					"$(inherited)",
					"@executable_path/Frameworks",
				);
				PRODUCT_BUNDLE_IDENTIFIER = "our-team.Instat";
				PRODUCT_NAME = "$(TARGET_NAME)";
				SWIFT_VERSION = 5.0;
				TARGETED_DEVICE_FAMILY = "1,2";
			};
			name = Release;
		};
/* End XCBuildConfiguration section */

/* Begin XCConfigurationList section */
		5B95BB212252D0CC0026D9E1 /* Build configuration list for PBXProject "Instat" */ = {
			isa = XCConfigurationList;
			buildConfigurations = (
				5B95BB362252D0D00026D9E1 /* Debug */,
				5B95BB372252D0D00026D9E1 /* Release */,
			);
			defaultConfigurationIsVisible = 0;
			defaultConfigurationName = Release;
		};
		5B95BB382252D0D00026D9E1 /* Build configuration list for PBXNativeTarget "Instat" */ = {
			isa = XCConfigurationList;
			buildConfigurations = (
				5B95BB392252D0D00026D9E1 /* Debug */,
				5B95BB3A2252D0D00026D9E1 /* Release */,
			);
			defaultConfigurationIsVisible = 0;
			defaultConfigurationName = Release;
		};
/* End XCConfigurationList section */
	};
	rootObject = 5B95BB1E2252D0CC0026D9E1 /* Project object */;
}
