PODS:
  - Alamofire (4.8.2)
  - Kingfisher (4.10.1)
  - Moya (13.0.0):
    - Moya/Core (= 13.0.0)
  - Moya/Core (13.0.0):
    - Alamofire (~> 4.1)
    - Result (~> 4.1)
  - ObjectMapper (3.4.2)
  - Realm (3.14.1):
    - Realm/Headers (= 3.14.1)
  - Realm/Headers (3.14.1)
  - RealmSwift (3.14.1):
    - Realm (= 3.14.1)
  - Result (4.1.0)

DEPENDENCIES:
  - Kingfisher (~> 4.0)
  - Moya
  - ObjectMapper
  - RealmSwift

SPEC REPOS:
  https://github.com/cocoapods/specs.git:
    - Alamofire
    - Kingfisher
    - Moya
    - ObjectMapper
    - Realm
    - RealmSwift
    - Result

SPEC CHECKSUMS:
  Alamofire: ae5c501addb7afdbb13687d7f2f722c78734c2d3
  Kingfisher: c148cd7b47ebde9989f6bc7c27dcaa79d81279a0
  Moya: 161263550064ff8a4948e8ff63137fd72a876292
  ObjectMapper: 0d4402610f4e468903ae64629eec4784531e5c51
  Realm: e12c9c2387d05c5bba3a9c394838f5870e85763b
  RealmSwift: a82eab9b04c3e1616082c7e17aa300740847769c
  Result: bd966fac789cc6c1563440b348ab2598cc24d5c7

PODFILE CHECKSUM: 9e26a0a0b7f664e2cf0be50534665fe26cb8a531

COCOAPODS: 1.6.1
