PODS:
  - Alamofire (4.8.2)
  - CollectionKit (2.4.0):
    - CollectionKit/Core (= 2.4.0)
  - CollectionKit/Core (2.4.0)
  - Kingfisher (4.10.1)
  - Moya (13.0.1):
    - Moya/Core (= 13.0.1)
  - Moya/Core (13.0.1):
    - Alamofire (~> 4.1)
    - Result (~> 4.1)
  - ObjectMapper (3.4.2)
  - Realm (3.15.0):
    - Realm/Headers (= 3.15.0)
  - Realm/Headers (3.15.0)
  - RealmSwift (3.15.0):
    - Realm (= 3.15.0)
  - Result (4.1.0)
  - SwiftInstagram (1.1.2):
    - SwiftInstagram/Core (= 1.1.2)
  - SwiftInstagram/Core (1.1.2)
  - TinyConstraints (4.0.0)

DEPENDENCIES:
  - CollectionKit
  - Kingfisher (~> 4.0)
  - Moya
  - ObjectMapper
  - RealmSwift
  - SwiftInstagram (~> 1.1.2)
  - TinyConstraints

SPEC REPOS:
  https://github.com/cocoapods/specs.git:
    - Alamofire
    - CollectionKit
    - Kingfisher
    - Moya
    - ObjectMapper
    - Realm
    - RealmSwift
    - Result
    - SwiftInstagram
    - TinyConstraints

SPEC CHECKSUMS:
  Alamofire: ae5c501addb7afdbb13687d7f2f722c78734c2d3
  CollectionKit: 8f01e7629185bb81072c4aa734d105df5c2d1c8b
  Kingfisher: c148cd7b47ebde9989f6bc7c27dcaa79d81279a0
  Moya: f4a4b80ff2f8a4ffc208dfb31cd91636622fee6e
  ObjectMapper: 0d4402610f4e468903ae64629eec4784531e5c51
  Realm: 9b834e1be6062f544805252c812348872dc5d4ed
  RealmSwift: 8a41886f8ab6efef9eb8df97de2f2bb911561a79
  Result: bd966fac789cc6c1563440b348ab2598cc24d5c7
  SwiftInstagram: 1579fd6ffb294de557bc47deddbe719fde6e2058
  TinyConstraints: 03bc091844b98c18dbaead8b1153242a42721b56

PODFILE CHECKSUM: 805c7e73970184d53f60970806cc839410278c10

COCOAPODS: 1.6.1
