PODS:
  - SwiftInstagram (1.1.2):
    - SwiftInstagram/Core (= 1.1.2)
  - SwiftInstagram/Core (1.1.2)

DEPENDENCIES:
  - SwiftInstagram (~> 1.1.2)

SPEC REPOS:
  https://github.com/cocoapods/specs.git:
    - SwiftInstagram

SPEC CHECKSUMS:
  SwiftInstagram: 1579fd6ffb294de557bc47deddbe719fde6e2058

PODFILE CHECKSUM: 16750e86114c5a6947a57145f1a5986e5cf7cc5c

COCOAPODS: 1.6.1
